
Microsoft Visual Studio Solution File, Format Version 12.00
# Visual Studio Version 17
VisualStudioVersion = 17.11.35222.181
MinimumVisualStudioVersion = 10.0.40219.1
Project("{FAE04EC0-301F-11D3-BF4B-00C04F79EFBC}") = "2024_12_06_UgyfelosztalyEsTesztelese", "2024_12_06_UgyfelosztalyEsTesztelese\2024_12_06_UgyfelosztalyEsTesztelese.csproj", "{0A08FBC2-D82B-4871-A91D-68B2E250A620}"
EndProject
Global
	GlobalSection(SolutionConfigurationPlatforms) = preSolution
		Debug|Any CPU = Debug|Any CPU
		Release|Any CPU = Release|Any CPU
	EndGlobalSection
	GlobalSection(ProjectConfigurationPlatforms) = postSolution
		{0A08FBC2-D82B-4871-A91D-68B2E250A620}.Debug|Any CPU.ActiveCfg = Debug|Any CPU
		{0A08FBC2-D82B-4871-A91D-68B2E250A620}.Debug|Any CPU.Build.0 = Debug|Any CPU
		{0A08FBC2-D82B-4871-A91D-68B2E250A620}.Release|Any CPU.ActiveCfg = Release|Any CPU
		{0A08FBC2-D82B-4871-A91D-68B2E250A620}.Release|Any CPU.Build.0 = Release|Any CPU
	EndGlobalSection
	GlobalSection(SolutionProperties) = preSolution
		HideSolutionNode = FALSE
	EndGlobalSection
	GlobalSection(ExtensibilityGlobals) = postSolution
		SolutionGuid = {5BB0FBD5-ADC4-4AEA-88F5-D9540B203C95}
	EndGlobalSection
EndGlobal
